{
  "name": "miniprogram-ts-less-quickstart",
  "version": "1.0.0",
  "lockfileVersion": 1,
  "requires": true,
  "dependencies": {
    "@vant/icons": {
      "version": "1.8.0",
      "resolved": "https://registry.npmjs.org/@vant/icons/-/icons-1.8.0.tgz",
      "integrity": "sha512-sKfEUo2/CkQFuERxvkuF6mGQZDKu3IQdj5rV9Fm0weJXtchDSSQ+zt8qPCNUEhh9Y8shy5PzxbvAfOOkCwlCXg=="
    },
    "@vant/popperjs": {
      "version": "1.3.0",
      "resolved": "https://registry.npmjs.org/@vant/popperjs/-/popperjs-1.3.0.tgz",
      "integrity": "sha512-hB+czUG+aHtjhaEmCJDuXOep0YTZjdlRR+4MSmIFnkCQIxJaXLQdSsR90XWvAI2yvKUI7TCGqR8pQg2RtvkMHw=="
    },
    "@vant/use": {
      "version": "1.4.3",
      "resolved": "https://registry.npmjs.org/@vant/use/-/use-1.4.3.tgz",
      "integrity": "sha512-rSnETN7P9qT1WbItMpQxBqe3cHeK2ZFYp1sCxWUXaTeI71TqA8sOdzC36ledZ36NQgFNTch9fsRPYOkrCgZfQA=="
    },
    "@vant/weapp": {
      "version": "1.10.6",
      "resolved": "https://registry.npmjs.org/@vant/weapp/-/weapp-1.10.6.tgz",
      "integrity": "sha512-1IHuolm/dY91YVismO/8xrLbj0s59O4Hcfo6BNXhD5qpTBH/IcjLXnSJ6KpxzcKe6/lXJ/Z1Kyzy6hqFvmB1Bw=="
    },
    "miniprogram-api-typings": {
      "version": "2.12.0",
      "resolved": "https://registry.npmjs.org/miniprogram-api-typings/-/miniprogram-api-typings-2.12.0.tgz",
      "integrity": "sha512-ibvbqeslVFur0IAvTxLMvsbtvVcMo6gwvOnj0YZHV7aeDLu091VQRrETT2QuiG9P6aZWRcxeNGJChRKVPCp9VQ==",
      "dev": true
    },
    "vant": {
      "version": "3.6.5",
      "resolved": "https://registry.npmjs.org/vant/-/vant-3.6.5.tgz",
      "integrity": "sha512-TVTs5impkF6qPvCn+qhpcuNyxy0rCRA161JYkK5rFpKhwWftq4TOSTZAHGCW2kVFtrwl0Zp715GXEed/hxivYw==",
      "requires": {
        "@vant/icons": "^1.8.0",
        "@vant/popperjs": "^1.2.1",
        "@vant/use": "^1.4.2"
      }
    },
    "vant-weapp": {
      "version": "0.5.29",
      "resolved": "https://registry.npmjs.org/vant-weapp/-/vant-weapp-0.5.29.tgz",
      "integrity": "sha512-RMc0Ga914XFwspw2WuOMU8bOHlIkua8X1DoQ/KPnGQzjwT1uEL4S7W186EmaHF1wN2krB9BVd0LdRRt39dGh6Q=="
    }
  }
}
